// !$*UTF8*$!
{
	archiveVersion = 1;
	classes = {
	};
	objectVersion = 77;
	objects = {

/* Begin PBXBuildFile section */
		2CB2F37AB2B349659532EC01 /* MirrorNotifications.swift in Sources */ = {isa = PBXBuildFile; fileRef = 45D674E52CEF446BAED78D9A /* MirrorNotifications.swift */; };
		471288832F9D300100812160 /* SwiftLlama in Frameworks */ = {isa = PBXBuildFile; productRef = 471288822F9D300100812160 /* SwiftLlama */; };
		47E752842FB44FE800C6362E /* WidgetKit.framework in Frameworks */ = {isa = PBXBuildFile; fileRef = 47E752832FB44FE800C6362E /* WidgetKit.framework */; };
		47E752862FB44FE800C6362E /* SwiftUI.framework in Frameworks */ = {isa = PBXBuildFile; fileRef = 47E752852FB44FE800C6362E /* SwiftUI.framework */; };
		47E752932FB44FE800C6362E /* MirrorWidgetExtensionExtension.appex in Embed Foundation Extensions */ = {isa = PBXBuildFile; fileRef = 47E752812FB44FE800C6362E /* MirrorWidgetExtensionExtension.appex */; settings = {ATTRIBUTES = (RemoveHeadersOnCopy, ); }; };
		47E752A82FB47F4F00C6362E /* RevenueCat in Frameworks */ = {isa = PBXBuildFile; productRef = 47E752A72FB47F4F00C6362E /* RevenueCat */; };
		47E752AA2FB47F4F00C6362E /* RevenueCatUI in Frameworks */ = {isa = PBXBuildFile; productRef = 47E752A92FB47F4F00C6362E /* RevenueCatUI */; };
/* End PBXBuildFile section */

/* Begin PBXContainerItemProxy section */
		471288062F9CF11300812160 /* PBXContainerItemProxy */ = {
			isa = PBXContainerItemProxy;
			containerPortal = 471287EE2F9CF11200812160 /* Project object */;
			proxyType = 1;
			remoteGlobalIDString = 471287F52F9CF11200812160;
			remoteInfo = mirror;
		};
		471288102F9CF11300812160 /* PBXContainerItemProxy */ = {
			isa = PBXContainerItemProxy;
			containerPortal = 471287EE2F9CF11200812160 /* Project object */;
			proxyType = 1;
			remoteGlobalIDString = 471287F52F9CF11200812160;
			remoteInfo = mirror;
		};
		47E752912FB44FE800C6362E /* PBXContainerItemProxy */ = {
			isa = PBXContainerItemProxy;
			containerPortal = 471287EE2F9CF11200812160 /* Project object */;
			proxyType = 1;
			remoteGlobalIDString = 47E752802FB44FE800C6362E;
			remoteInfo = MirrorWidgetExtensionExtension;
		};
/* End PBXContainerItemProxy section */

/* Begin PBXCopyFilesBuildPhase section */
		47E752942FB44FE800C6362E /* Embed Foundation Extensions */ = {
			isa = PBXCopyFilesBuildPhase;
			buildActionMask = 2147483647;
			dstPath = "";
			dstSubfolderSpec = 13;
			files = (
				47E752932FB44FE800C6362E /* MirrorWidgetExtensionExtension.appex in Embed Foundation Extensions */,
			);
			name = "Embed Foundation Extensions";
			runOnlyForDeploymentPostprocessing = 0;
		};
/* End PBXCopyFilesBuildPhase section */

/* Begin PBXFileReference section */
		45D674E52CEF446BAED78D9A /* MirrorNotifications.swift */ = {isa = PBXFileReference; lastKnownFileType = sourcecode.swift; name = MirrorNotifications.swift; path = mirror/Core/Services/MirrorNotifications.swift; sourceTree = SOURCE_ROOT; };
		471287F62F9CF11200812160 /* mirror.app */ = {isa = PBXFileReference; explicitFileType = wrapper.application; includeInIndex = 0; path = mirror.app; sourceTree = BUILT_PRODUCTS_DIR; };
		471288052F9CF11300812160 /* mirrorTests.xctest */ = {isa = PBXFileReference; explicitFileType = wrapper.cfbundle; includeInIndex = 0; path = mirrorTests.xctest; sourceTree = BUILT_PRODUCTS_DIR; };
		4712880F2F9CF11300812160 /* mirrorUITests.xctest */ = {isa = PBXFileReference; explicitFileType = wrapper.cfbundle; includeInIndex = 0; path = mirrorUITests.xctest; sourceTree = BUILT_PRODUCTS_DIR; };
		47E752812FB44FE800C6362E /* MirrorWidgetExtensionExtension.appex */ = {isa = PBXFileReference; explicitFileType = "wrapper.app-extension"; includeInIndex = 0; path = MirrorWidgetExtensionExtension.appex; sourceTree = BUILT_PRODUCTS_DIR; };
		47E752832FB44FE800C6362E /* WidgetKit.framework */ = {isa = PBXFileReference; lastKnownFileType = wrapper.framework; name = WidgetKit.framework; path = System/Library/Frameworks/WidgetKit.framework; sourceTree = SDKROOT; };
		47E752852FB44FE800C6362E /* SwiftUI.framework */ = {isa = PBXFileReference; lastKnownFileType = wrapper.framework; name = SwiftUI.framework; path = System/Library/Frameworks/SwiftUI.framework; sourceTree = SDKROOT; };
		47E7529D2FB4507600C6362E /* MirrorWidgetExtensionExtension.entitlements */ = {isa = PBXFileReference; lastKnownFileType = text.plist.entitlements; path = MirrorWidgetExtensionExtension.entitlements; sourceTree = "<group>"; };
/* End PBXFileReference section */

/* Begin PBXFileSystemSynchronizedBuildFileExceptionSet section */
		471288762F9CF48D00812160 /* Exceptions for "mirror" folder in "mirror" target */ = {
			isa = PBXFileSystemSynchronizedBuildFileExceptionSet;
			membershipExceptions = (
				Core/Services/MirrorNotifications.swift,
				Info.plist,
				"LocalModels/gemma-3-1b-it-Q4_K_M.gguf",
				Widget/EntriesMapWidget.swift,
				Widget/MoodMapWidget.swift,
				Widget/WriteWidget.swift,
			);
			target = 471287F52F9CF11200812160 /* mirror */;
		};
		47E752982FB44FE800C6362E /* Exceptions for "MirrorWidgetExtension" folder in "MirrorWidgetExtensionExtension" target */ = {
			isa = PBXFileSystemSynchronizedBuildFileExceptionSet;
			membershipExceptions = (
				Info.plist,
			);
			target = 47E752802FB44FE800C6362E /* MirrorWidgetExtensionExtension */;
		};
		47E7529A2FB4505400C6362E /* Exceptions for "mirror" folder in "MirrorWidgetExtensionExtension" target */ = {
			isa = PBXFileSystemSynchronizedBuildFileExceptionSet;
			membershipExceptions = (
				Widget/DailyNudgeWidget.swift,
				Widget/EntriesMapWidget.swift,
				Widget/MoodMapWidget.swift,
				Widget/WriteWidget.swift,
				Widget/WritingPromptWidget.swift,
			);
			target = 47E752802FB44FE800C6362E /* MirrorWidgetExtensionExtension */;
		};
/* End PBXFileSystemSynchronizedBuildFileExceptionSet section */

/* Begin PBXFileSystemSynchronizedRootGroup section */
		471287F82F9CF11200812160 /* mirror */ = {
			isa = PBXFileSystemSynchronizedRootGroup;
			exceptions = (
				471288762F9CF48D00812160 /* Exceptions for "mirror" folder in "mirror" target */,
				47E7529A2FB4505400C6362E /* Exceptions for "mirror" folder in "MirrorWidgetExtensionExtension" target */,
			);
			path = mirror;
			sourceTree = "<group>";
		};
		471288082F9CF11300812160 /* mirrorTests */ = {
			isa = PBXFileSystemSynchronizedRootGroup;
			path = mirrorTests;
			sourceTree = "<group>";
		};
		471288122F9CF11300812160 /* mirrorUITests */ = {
			isa = PBXFileSystemSynchronizedRootGroup;
			path = mirrorUITests;
			sourceTree = "<group>";
		};
		47E752872FB44FE800C6362E /* MirrorWidgetExtension */ = {
			isa = PBXFileSystemSynchronizedRootGroup;
			exceptions = (
				47E752982FB44FE800C6362E /* Exceptions for "MirrorWidgetExtension" folder in "MirrorWidgetExtensionExtension" target */,
			);
			path = MirrorWidgetExtension;
			sourceTree = "<group>";
		};
/* End PBXFileSystemSynchronizedRootGroup section */

/* Begin PBXFrameworksBuildPhase section */
		471287F32F9CF11200812160 /* Frameworks */ = {
			isa = PBXFrameworksBuildPhase;
			buildActionMask = 2147483647;
			files = (
				47E752AA2FB47F4F00C6362E /* RevenueCatUI in Frameworks */,
				471288832F9D300100812160 /* SwiftLlama in Frameworks */,
				47E752A82FB47F4F00C6362E /* RevenueCat in Frameworks */,
			);
			runOnlyForDeploymentPostprocessing = 0;
		};
		471288022F9CF11300812160 /* Frameworks */ = {
			isa = PBXFrameworksBuildPhase;
			buildActionMask = 2147483647;
			files = (
			);
			runOnlyForDeploymentPostprocessing = 0;
		};
		4712880C2F9CF11300812160 /* Frameworks */ = {
			isa = PBXFrameworksBuildPhase;
			buildActionMask = 2147483647;
			files = (
			);
			runOnlyForDeploymentPostprocessing = 0;
		};
		47E7527E2FB44FE800C6362E /* Frameworks */ = {
			isa = PBXFrameworksBuildPhase;
			buildActionMask = 2147483647;
			files = (
				47E752862FB44FE800C6362E /* SwiftUI.framework in Frameworks */,
				47E752842FB44FE800C6362E /* WidgetKit.framework in Frameworks */,
			);
			runOnlyForDeploymentPostprocessing = 0;
		};
/* End PBXFrameworksBuildPhase section */

/* Begin PBXGroup section */
		471287ED2F9CF11200812160 = {
			isa = PBXGroup;
			children = (
				47E7529D2FB4507600C6362E /* MirrorWidgetExtensionExtension.entitlements */,
				471287F82F9CF11200812160 /* mirror */,
				471288082F9CF11300812160 /* mirrorTests */,
				471288122F9CF11300812160 /* mirrorUITests */,
				47E752872FB44FE800C6362E /* MirrorWidgetExtension */,
				47E752822FB44FE800C6362E /* Frameworks */,
				471287F72F9CF11200812160 /* Products */,
				473D97432FF63AC200669F71 /* Recovered References */,
			);
			sourceTree = "<group>";
		};
		471287F72F9CF11200812160 /* Products */ = {
			isa = PBXGroup;
			children = (
				471287F62F9CF11200812160 /* mirror.app */,
				471288052F9CF11300812160 /* mirrorTests.xctest */,
				4712880F2F9CF11300812160 /* mirrorUITests.xctest */,
				47E752812FB44FE800C6362E /* MirrorWidgetExtensionExtension.appex */,
			);
			name = Products;
			sourceTree = "<group>";
		};
		473D97432FF63AC200669F71 /* Recovered References */ = {
			isa = PBXGroup;
			children = (
				45D674E52CEF446BAED78D9A /* MirrorNotifications.swift */,
			);
			name = "Recovered References";
			sourceTree = "<group>";
		};
		47E752822FB44FE800C6362E /* Frameworks */ = {
			isa = PBXGroup;
			children = (
				47E752832FB44FE800C6362E /* WidgetKit.framework */,
				47E752852FB44FE800C6362E /* SwiftUI.framework */,
			);
			name = Frameworks;
			sourceTree = "<group>";
		};
/* End PBXGroup section */

/* Begin PBXNativeTarget section */
		471287F52F9CF11200812160 /* mirror */ = {
			isa = PBXNativeTarget;
			buildConfigurationList = 471288192F9CF11300812160 /* Build configuration list for PBXNativeTarget "mirror" */;
			buildPhases = (
				471287F22F9CF11200812160 /* Sources */,
				471287F32F9CF11200812160 /* Frameworks */,
				471287F42F9CF11200812160 /* Resources */,
				47E752942FB44FE800C6362E /* Embed Foundation Extensions */,
			);
			buildRules = (
			);
			dependencies = (
				47E752922FB44FE800C6362E /* PBXTargetDependency */,
			);
			fileSystemSynchronizedGroups = (
				471287F82F9CF11200812160 /* mirror */,
			);
			name = mirror;
			packageProductDependencies = (
				471288822F9D300100812160 /* SwiftLlama */,
				47E752A72FB47F4F00C6362E /* RevenueCat */,
				47E752A92FB47F4F00C6362E /* RevenueCatUI */,
			);
			productName = mirror;
			productReference = 471287F62F9CF11200812160 /* mirror.app */;
			productType = "com.apple.product-type.application";
		};
		471288042F9CF11300812160 /* mirrorTests */ = {
			isa = PBXNativeTarget;
			buildConfigurationList = 4712881C2F9CF11300812160 /* Build configuration list for PBXNativeTarget "mirrorTests" */;
			buildPhases = (
				471288012F9CF11300812160 /* Sources */,
				471288022F9CF11300812160 /* Frameworks */,
				471288032F9CF11300812160 /* Resources */,
			);
			buildRules = (
			);
			dependencies = (
				471288072F9CF11300812160 /* PBXTargetDependency */,
			);
			fileSystemSynchronizedGroups = (
				471288082F9CF11300812160 /* mirrorTests */,
			);
			name = mirrorTests;
			packageProductDependencies = (
			);
			productName = mirrorTests;
			productReference = 471288052F9CF11300812160 /* mirrorTests.xctest */;
			productType = "com.apple.product-type.bundle.unit-test";
		};
		4712880E2F9CF11300812160 /* mirrorUITests */ = {
			isa = PBXNativeTarget;
			buildConfigurationList = 4712881F2F9CF11300812160 /* Build configuration list for PBXNativeTarget "mirrorUITests" */;
			buildPhases = (
				4712880B2F9CF11300812160 /* Sources */,
				4712880C2F9CF11300812160 /* Frameworks */,
				4712880D2F9CF11300812160 /* Resources */,
			);
			buildRules = (
			);
			dependencies = (
				471288112F9CF11300812160 /* PBXTargetDependency */,
			);
			fileSystemSynchronizedGroups = (
				471288122F9CF11300812160 /* mirrorUITests */,
			);
			name = mirrorUITests;
			packageProductDependencies = (
			);
			productName = mirrorUITests;
			productReference = 4712880F2F9CF11300812160 /* mirrorUITests.xctest */;
			productType = "com.apple.product-type.bundle.ui-testing";
		};
		47E752802FB44FE800C6362E /* MirrorWidgetExtensionExtension */ = {
			isa = PBXNativeTarget;
			buildConfigurationList = 47E752972FB44FE800C6362E /* Build configuration list for PBXNativeTarget "MirrorWidgetExtensionExtension" */;
			buildPhases = (
				47E7527D2FB44FE800C6362E /* Sources */,
				47E7527E2FB44FE800C6362E /* Frameworks */,
				47E7527F2FB44FE800C6362E /* Resources */,
			);
			buildRules = (
			);
			dependencies = (
			);
			fileSystemSynchronizedGroups = (
				47E752872FB44FE800C6362E /* MirrorWidgetExtension */,
			);
			name = MirrorWidgetExtensionExtension;
			packageProductDependencies = (
			);
			productName = MirrorWidgetExtensionExtension;
			productReference = 47E752812FB44FE800C6362E /* MirrorWidgetExtensionExtension.appex */;
			productType = "com.apple.product-type.app-extension";
		};
/* End PBXNativeTarget section */

/* Begin PBXProject section */
		471287EE2F9CF11200812160 /* Project object */ = {
			isa = PBXProject;
			attributes = {
				BuildIndependentTargetsInParallel = 1;
				LastSwiftUpdateCheck = 2650;
				LastUpgradeCheck = 2650;
				TargetAttributes = {
					471287F52F9CF11200812160 = {
						CreatedOnToolsVersion = 26.4.1;
					};
					471288042F9CF11300812160 = {
						CreatedOnToolsVersion = 26.4.1;
						TestTargetID = 471287F52F9CF11200812160;
					};
					4712880E2F9CF11300812160 = {
						CreatedOnToolsVersion = 26.4.1;
						TestTargetID = 471287F52F9CF11200812160;
					};
					47E752802FB44FE800C6362E = {
						CreatedOnToolsVersion = 26.5;
					};
				};
			};
			buildConfigurationList = 471287F12F9CF11200812160 /* Build configuration list for PBXProject "mirror" */;
			developmentRegion = en;
			hasScannedForEncodings = 0;
			knownRegions = (
				en,
				es,
				ja,
				"zh-Hans",
				de,
				fr,
				"pt-BR",
				ko,
				it,
				ru,
				Base,
			);
			mainGroup = 471287ED2F9CF11200812160;
			minimizedProjectReferenceProxies = 1;
			packageReferences = (
				471288842F9D300100812160 /* XCRemoteSwiftPackageReference "swift-llama-cpp" */,
				47E752A62FB47F4F00C6362E /* XCRemoteSwiftPackageReference "purchases-ios" */,
			);
			preferredProjectObjectVersion = 77;
			productRefGroup = 471287F72F9CF11200812160 /* Products */;
			projectDirPath = "";
			projectRoot = "";
			targets = (
				471287F52F9CF11200812160 /* mirror */,
				471288042F9CF11300812160 /* mirrorTests */,
				4712880E2F9CF11300812160 /* mirrorUITests */,
				47E752802FB44FE800C6362E /* MirrorWidgetExtensionExtension */,
			);
		};
/* End PBXProject section */

/* Begin PBXResourcesBuildPhase section */
		471287F42F9CF11200812160 /* Resources */ = {
			isa = PBXResourcesBuildPhase;
			buildActionMask = 2147483647;
			files = (
			);
			runOnlyForDeploymentPostprocessing = 0;
		};
		471288032F9CF11300812160 /* Resources */ = {
			isa = PBXResourcesBuildPhase;
			buildActionMask = 2147483647;
			files = (
			);
			runOnlyForDeploymentPostprocessing = 0;
		};
		4712880D2F9CF11300812160 /* Resources */ = {
			isa = PBXResourcesBuildPhase;
			buildActionMask = 2147483647;
			files = (
			);
			runOnlyForDeploymentPostprocessing = 0;
		};
		47E7527F2FB44FE800C6362E /* Resources */ = {
			isa = PBXResourcesBuildPhase;
			buildActionMask = 2147483647;
			files = (
			);
			runOnlyForDeploymentPostprocessing = 0;
		};
/* End PBXResourcesBuildPhase section */

/* Begin PBXSourcesBuildPhase section */
		471287F22F9CF11200812160 /* Sources */ = {
			isa = PBXSourcesBuildPhase;
			buildActionMask = 2147483647;
			files = (
				2CB2F37AB2B349659532EC01 /* MirrorNotifications.swift in Sources */,
			);
			runOnlyForDeploymentPostprocessing = 0;
		};
		471288012F9CF11300812160 /* Sources */ = {
			isa = PBXSourcesBuildPhase;
			buildActionMask = 2147483647;
			files = (
			);
			runOnlyForDeploymentPostprocessing = 0;
		};
		4712880B2F9CF11300812160 /* Sources */ = {
			isa = PBXSourcesBuildPhase;
			buildActionMask = 2147483647;
			files = (
			);
			runOnlyForDeploymentPostprocessing = 0;
		};
		47E7527D2FB44FE800C6362E /* Sources */ = {
			isa = PBXSourcesBuildPhase;
			buildActionMask = 2147483647;
			files = (
			);
			runOnlyForDeploymentPostprocessing = 0;
		};
/* End PBXSourcesBuildPhase section */

/* Begin PBXTargetDependency section */
		471288072F9CF11300812160 /* PBXTargetDependency */ = {
			isa = PBXTargetDependency;
			target = 471287F52F9CF11200812160 /* mirror */;
			targetProxy = 471288062F9CF11300812160 /* PBXContainerItemProxy */;
		};
		471288112F9CF11300812160 /* PBXTargetDependency */ = {
			isa = PBXTargetDependency;
			target = 471287F52F9CF11200812160 /* mirror */;
			targetProxy = 471288102F9CF11300812160 /* PBXContainerItemProxy */;
		};
		47E752922FB44FE800C6362E /* PBXTargetDependency */ = {
			isa = PBXTargetDependency;
			target = 47E752802FB44FE800C6362E /* MirrorWidgetExtensionExtension */;
			targetProxy = 47E752912FB44FE800C6362E /* PBXContainerItemProxy */;
		};
/* End PBXTargetDependency section */

/* Begin XCBuildConfiguration section */
		471288172F9CF11300812160 /* Debug */ = {
			isa = XCBuildConfiguration;
			buildSettings = {
				ALWAYS_SEARCH_USER_PATHS = NO;
				ASSETCATALOG_COMPILER_GENERATE_SWIFT_ASSET_SYMBOL_EXTENSIONS = YES;
				CLANG_ANALYZER_NONNULL = YES;
				CLANG_ANALYZER_NUMBER_OBJECT_CONVERSION = YES_AGGRESSIVE;
				CLANG_CXX_LANGUAGE_STANDARD = "gnu++20";
				CLANG_ENABLE_MODULES = YES;
				CLANG_ENABLE_OBJC_ARC = YES;
				CLANG_ENABLE_OBJC_WEAK = YES;
				CLANG_WARN_BLOCK_CAPTURE_AUTORELEASING = YES;
				CLANG_WARN_BOOL_CONVERSION = YES;
				CLANG_WARN_COMMA = YES;
				CLANG_WARN_CONSTANT_CONVERSION = YES;
				CLANG_WARN_DEPRECATED_OBJC_IMPLEMENTATIONS = YES;
				CLANG_WARN_DIRECT_OBJC_ISA_USAGE = YES_ERROR;
				CLANG_WARN_DOCUMENTATION_COMMENTS = YES;
				CLANG_WARN_EMPTY_BODY = YES;
				CLANG_WARN_ENUM_CONVERSION = YES;
				CLANG_WARN_INFINITE_RECURSION = YES;
				CLANG_WARN_INT_CONVERSION = YES;
				CLANG_WARN_NON_LITERAL_NULL_CONVERSION = YES;
				CLANG_WARN_OBJC_IMPLICIT_RETAIN_SELF = YES;
				CLANG_WARN_OBJC_LITERAL_CONVERSION = YES;
				CLANG_WARN_OBJC_ROOT_CLASS = YES_ERROR;
				CLANG_WARN_QUOTED_INCLUDE_IN_FRAMEWORK_HEADER = YES;
				CLANG_WARN_RANGE_LOOP_ANALYSIS = YES;
				CLANG_WARN_STRICT_PROTOTYPES = YES;
				CLANG_WARN_SUSPICIOUS_MOVE = YES;
				CLANG_WARN_UNGUARDED_AVAILABILITY = YES_AGGRESSIVE;
				CLANG_WARN_UNREACHABLE_CODE = YES;
				CLANG_WARN__DUPLICATE_METHOD_MATCH = YES;
				COPY_PHASE_STRIP = NO;
				DEBUG_INFORMATION_FORMAT = dwarf;
				DEVELOPMENT_TEAM = 7NP4QNTWNQ;
				ENABLE_STRICT_OBJC_MSGSEND = YES;
				ENABLE_TESTABILITY = YES;
				ENABLE_USER_SCRIPT_SANDBOXING = YES;
				GCC_C_LANGUAGE_STANDARD = gnu17;
				GCC_DYNAMIC_NO_PIC = NO;
				GCC_NO_COMMON_BLOCKS = YES;
				GCC_OPTIMIZATION_LEVEL = 0;
				GCC_PREPROCESSOR_DEFINITIONS = (
					"DEBUG=1",
					"$(inherited)",
				);
				GCC_WARN_64_TO_32_BIT_CONVERSION = YES;
				GCC_WARN_ABOUT_RETURN_TYPE = YES_ERROR;
				GCC_WARN_UNDECLARED_SELECTOR = YES;
				GCC_WARN_UNINITIALIZED_AUTOS = YES_AGGRESSIVE;
				GCC_WARN_UNUSED_FUNCTION = YES;
				GCC_WARN_UNUSED_VARIABLE = YES;
				IPHONEOS_DEPLOYMENT_TARGET = 26.4;
				LOCALIZATION_PREFERS_STRING_CATALOGS = YES;
				MTL_ENABLE_DEBUG_INFO = INCLUDE_SOURCE;
				MTL_FAST_MATH = YES;
				ONLY_ACTIVE_ARCH = YES;
				SDKROOT = iphoneos;
				STRING_CATALOG_GENERATE_SYMBOLS = YES;
				SWIFT_ACTIVE_COMPILATION_CONDITIONS = "DEBUG $(inherited)";
				SWIFT_OPTIMIZATION_LEVEL = "-Onone";
			};
			name = Debug;
		};
		471288182F9CF11300812160 /* Release */ = {
			isa = XCBuildConfiguration;
			buildSettings = {
				ALWAYS_SEARCH_USER_PATHS = NO;
				ASSETCATALOG_COMPILER_GENERATE_SWIFT_ASSET_SYMBOL_EXTENSIONS = YES;
				CLANG_ANALYZER_NONNULL = YES;
				CLANG_ANALYZER_NUMBER_OBJECT_CONVERSION = YES_AGGRESSIVE;
				CLANG_CXX_LANGUAGE_STANDARD = "gnu++20";
				CLANG_ENABLE_MODULES = YES;
				CLANG_ENABLE_OBJC_ARC = YES;
				CLANG_ENABLE_OBJC_WEAK = YES;
				CLANG_WARN_BLOCK_CAPTURE_AUTORELEASING = YES;
				CLANG_WARN_BOOL_CONVERSION = YES;
				CLANG_WARN_COMMA = YES;
				CLANG_WARN_CONSTANT_CONVERSION = YES;
				CLANG_WARN_DEPRECATED_OBJC_IMPLEMENTATIONS = YES;
				CLANG_WARN_DIRECT_OBJC_ISA_USAGE = YES_ERROR;
				CLANG_WARN_DOCUMENTATION_COMMENTS = YES;
				CLANG_WARN_EMPTY_BODY = YES;
				CLANG_WARN_ENUM_CONVERSION = YES;
				CLANG_WARN_INFINITE_RECURSION = YES;
				CLANG_WARN_INT_CONVERSION = YES;
				CLANG_WARN_NON_LITERAL_NULL_CONVERSION = YES;
				CLANG_WARN_OBJC_IMPLICIT_RETAIN_SELF = YES;
				CLANG_WARN_OBJC_LITERAL_CONVERSION = YES;
				CLANG_WARN_OBJC_ROOT_CLASS = YES_ERROR;
				CLANG_WARN_QUOTED_INCLUDE_IN_FRAMEWORK_HEADER = YES;
				CLANG_WARN_RANGE_LOOP_ANALYSIS = YES;
				CLANG_WARN_STRICT_PROTOTYPES = YES;
				CLANG_WARN_SUSPICIOUS_MOVE = YES;
				CLANG_WARN_UNGUARDED_AVAILABILITY = YES_AGGRESSIVE;
				CLANG_WARN_UNREACHABLE_CODE = YES;
				CLANG_WARN__DUPLICATE_METHOD_MATCH = YES;
				COPY_PHASE_STRIP = NO;
				DEBUG_INFORMATION_FORMAT = "dwarf-with-dsym";
				DEVELOPMENT_TEAM = 7NP4QNTWNQ;
				ENABLE_NS_ASSERTIONS = NO;
				ENABLE_STRICT_OBJC_MSGSEND = YES;
				ENABLE_USER_SCRIPT_SANDBOXING = YES;
				GCC_C_LANGUAGE_STANDARD = gnu17;
				GCC_NO_COMMON_BLOCKS = YES;
				GCC_WARN_64_TO_32_BIT_CONVERSION = YES;
				GCC_WARN_ABOUT_RETURN_TYPE = YES_ERROR;
				GCC_WARN_UNDECLARED_SELECTOR = YES;
				GCC_WARN_UNINITIALIZED_AUTOS = YES_AGGRESSIVE;
				GCC_WARN_UNUSED_FUNCTION = YES;
				GCC_WARN_UNUSED_VARIABLE = YES;
				IPHONEOS_DEPLOYMENT_TARGET = 26.4;
				LOCALIZATION_PREFERS_STRING_CATALOGS = YES;
				MTL_ENABLE_DEBUG_INFO = NO;
				MTL_FAST_MATH = YES;
				SDKROOT = iphoneos;
				STRING_CATALOG_GENERATE_SYMBOLS = YES;
				SWIFT_COMPILATION_MODE = wholemodule;
				VALIDATE_PRODUCT = YES;
			};
			name = Release;
		};
		4712881A2F9CF11300812160 /* Debug */ = {
			isa = XCBuildConfiguration;
			buildSettings = {
				ASSETCATALOG_COMPILER_APPICON_NAME = AppIcon;
				ASSETCATALOG_COMPILER_GLOBAL_ACCENT_COLOR_NAME = AccentColor;
				CODE_SIGN_ENTITLEMENTS = mirror/mirror.entitlements;
				CODE_SIGN_STYLE = Automatic;
				CURRENT_PROJECT_VERSION = 4;
				DEVELOPMENT_TEAM = 7NP4QNTWNQ;
				ENABLE_PREVIEWS = YES;
				GENERATE_INFOPLIST_FILE = YES;
				INFOPLIST_FILE = mirror/Info.plist;
				INFOPLIST_KEY_CFBundleDisplayName = MirrorNotes;
				INFOPLIST_KEY_LSApplicationCategoryType = "public.app-category.lifestyle";
				INFOPLIST_KEY_UIApplicationSceneManifest_Generation = YES;
				INFOPLIST_KEY_UIApplicationSupportsIndirectInputEvents = YES;
				INFOPLIST_KEY_UILaunchScreen_Generation = YES;
				INFOPLIST_KEY_UISupportedInterfaceOrientations_iPad = "UIInterfaceOrientationPortrait UIInterfaceOrientationPortraitUpsideDown UIInterfaceOrientationLandscapeLeft UIInterfaceOrientationLandscapeRight";
				INFOPLIST_KEY_UISupportedInterfaceOrientations_iPhone = "UIInterfaceOrientationPortrait UIInterfaceOrientationLandscapeLeft UIInterfaceOrientationLandscapeRight";
				IPHONEOS_DEPLOYMENT_TARGET = 17.6;
				LD_RUNPATH_SEARCH_PATHS = (
					"$(inherited)",
					"@executable_path/Frameworks",
				);
				MARKETING_VERSION = 2.0.3;
				PRODUCT_BUNDLE_IDENTIFIER = com.lokesh.mirror;
				PRODUCT_NAME = "$(TARGET_NAME)";
				STRING_CATALOG_GENERATE_SYMBOLS = YES;
				SWIFT_APPROACHABLE_CONCURRENCY = YES;
				SWIFT_DEFAULT_ACTOR_ISOLATION = MainActor;
				SWIFT_EMIT_LOC_STRINGS = YES;
				SWIFT_UPCOMING_FEATURE_MEMBER_IMPORT_VISIBILITY = YES;
				SWIFT_VERSION = 5.0;
				TARGETED_DEVICE_FAMILY = "1,2";
			};
			name = Debug;
		};
		4712881B2F9CF11300812160 /* Release */ = {
			isa = XCBuildConfiguration;
			buildSettings = {
				ASSETCATALOG_COMPILER_APPICON_NAME = AppIcon;
				ASSETCATALOG_COMPILER_GLOBAL_ACCENT_COLOR_NAME = AccentColor;
				CODE_SIGN_ENTITLEMENTS = mirror/mirror.entitlements;
				CODE_SIGN_STYLE = Automatic;
				CURRENT_PROJECT_VERSION = 4;
				DEVELOPMENT_TEAM = 7NP4QNTWNQ;
				ENABLE_PREVIEWS = YES;
				GENERATE_INFOPLIST_FILE = YES;
				INFOPLIST_FILE = mirror/Info.plist;
				INFOPLIST_KEY_CFBundleDisplayName = MirrorNotes;
				INFOPLIST_KEY_LSApplicationCategoryType = "public.app-category.lifestyle";
				INFOPLIST_KEY_UIApplicationSceneManifest_Generation = YES;
				INFOPLIST_KEY_UIApplicationSupportsIndirectInputEvents = YES;
				INFOPLIST_KEY_UILaunchScreen_Generation = YES;
				INFOPLIST_KEY_UISupportedInterfaceOrientations_iPad = "UIInterfaceOrientationPortrait UIInterfaceOrientationPortraitUpsideDown UIInterfaceOrientationLandscapeLeft UIInterfaceOrientationLandscapeRight";
				INFOPLIST_KEY_UISupportedInterfaceOrientations_iPhone = "UIInterfaceOrientationPortrait UIInterfaceOrientationLandscapeLeft UIInterfaceOrientationLandscapeRight";
				IPHONEOS_DEPLOYMENT_TARGET = 17.6;
				LD_RUNPATH_SEARCH_PATHS = (
					"$(inherited)",
					"@executable_path/Frameworks",
				);
				MARKETING_VERSION = 2.0.3;
				PRODUCT_BUNDLE_IDENTIFIER = com.lokesh.mirror;
				PRODUCT_NAME = "$(TARGET_NAME)";
				STRING_CATALOG_GENERATE_SYMBOLS = YES;
				SWIFT_APPROACHABLE_CONCURRENCY = YES;
				SWIFT_DEFAULT_ACTOR_ISOLATION = MainActor;
				SWIFT_EMIT_LOC_STRINGS = YES;
				SWIFT_UPCOMING_FEATURE_MEMBER_IMPORT_VISIBILITY = YES;
				SWIFT_VERSION = 5.0;
				TARGETED_DEVICE_FAMILY = "1,2";
			};
			name = Release;
		};
		4712881D2F9CF11300812160 /* Debug */ = {
			isa = XCBuildConfiguration;
			buildSettings = {
				BUNDLE_LOADER = "$(TEST_HOST)";
				CODE_SIGN_STYLE = Automatic;
				CURRENT_PROJECT_VERSION = 1;
				DEVELOPMENT_TEAM = 7NP4QNTWNQ;
				GENERATE_INFOPLIST_FILE = YES;
				IPHONEOS_DEPLOYMENT_TARGET = 26.4;
				MARKETING_VERSION = 1.0;
				PRODUCT_BUNDLE_IDENTIFIER = com.lokesh.mirrorTests;
				PRODUCT_NAME = "$(TARGET_NAME)";
				STRING_CATALOG_GENERATE_SYMBOLS = NO;
				SWIFT_APPROACHABLE_CONCURRENCY = YES;
				SWIFT_EMIT_LOC_STRINGS = NO;
				SWIFT_UPCOMING_FEATURE_MEMBER_IMPORT_VISIBILITY = YES;
				SWIFT_VERSION = 5.0;
				TARGETED_DEVICE_FAMILY = "1,2";
				TEST_HOST = "$(BUILT_PRODUCTS_DIR)/mirror.app/$(BUNDLE_EXECUTABLE_FOLDER_PATH)/mirror";
			};
			name = Debug;
		};
		4712881E2F9CF11300812160 /* Release */ = {
			isa = XCBuildConfiguration;
			buildSettings = {
				BUNDLE_LOADER = "$(TEST_HOST)";
				CODE_SIGN_STYLE = Automatic;
				CURRENT_PROJECT_VERSION = 1;
				DEVELOPMENT_TEAM = 7NP4QNTWNQ;
				GENERATE_INFOPLIST_FILE = YES;
				IPHONEOS_DEPLOYMENT_TARGET = 26.4;
				MARKETING_VERSION = 1.0;
				PRODUCT_BUNDLE_IDENTIFIER = com.lokesh.mirrorTests;
				PRODUCT_NAME = "$(TARGET_NAME)";
				STRING_CATALOG_GENERATE_SYMBOLS = NO;
				SWIFT_APPROACHABLE_CONCURRENCY = YES;
				SWIFT_EMIT_LOC_STRINGS = NO;
				SWIFT_UPCOMING_FEATURE_MEMBER_IMPORT_VISIBILITY = YES;
				SWIFT_VERSION = 5.0;
				TARGETED_DEVICE_FAMILY = "1,2";
				TEST_HOST = "$(BUILT_PRODUCTS_DIR)/mirror.app/$(BUNDLE_EXECUTABLE_FOLDER_PATH)/mirror";
			};
			name = Release;
		};
		471288202F9CF11300812160 /* Debug */ = {
			isa = XCBuildConfiguration;
			buildSettings = {
				CODE_SIGN_STYLE = Automatic;
				CURRENT_PROJECT_VERSION = 1;
				DEVELOPMENT_TEAM = 7NP4QNTWNQ;
				GENERATE_INFOPLIST_FILE = YES;
				MARKETING_VERSION = 1.0;
				PRODUCT_BUNDLE_IDENTIFIER = com.lokesh.mirrorUITests;
				PRODUCT_NAME = "$(TARGET_NAME)";
				STRING_CATALOG_GENERATE_SYMBOLS = NO;
				SWIFT_APPROACHABLE_CONCURRENCY = YES;
				SWIFT_EMIT_LOC_STRINGS = NO;
				SWIFT_UPCOMING_FEATURE_MEMBER_IMPORT_VISIBILITY = YES;
				SWIFT_VERSION = 5.0;
				TARGETED_DEVICE_FAMILY = "1,2";
				TEST_TARGET_NAME = mirror;
			};
			name = Debug;
		};
		471288212F9CF11300812160 /* Release */ = {
			isa = XCBuildConfiguration;
			buildSettings = {
				CODE_SIGN_STYLE = Automatic;
				CURRENT_PROJECT_VERSION = 1;
				DEVELOPMENT_TEAM = 7NP4QNTWNQ;
				GENERATE_INFOPLIST_FILE = YES;
				MARKETING_VERSION = 1.0;
				PRODUCT_BUNDLE_IDENTIFIER = com.lokesh.mirrorUITests;
				PRODUCT_NAME = "$(TARGET_NAME)";
				STRING_CATALOG_GENERATE_SYMBOLS = NO;
				SWIFT_APPROACHABLE_CONCURRENCY = YES;
				SWIFT_EMIT_LOC_STRINGS = NO;
				SWIFT_UPCOMING_FEATURE_MEMBER_IMPORT_VISIBILITY = YES;
				SWIFT_VERSION = 5.0;
				TARGETED_DEVICE_FAMILY = "1,2";
				TEST_TARGET_NAME = mirror;
			};
			name = Release;
		};
		47E752952FB44FE800C6362E /* Debug */ = {
			isa = XCBuildConfiguration;
			buildSettings = {
				ASSETCATALOG_COMPILER_GLOBAL_ACCENT_COLOR_NAME = AccentColor;
				ASSETCATALOG_COMPILER_WIDGET_BACKGROUND_COLOR_NAME = WidgetBackground;
				CODE_SIGN_ENTITLEMENTS = MirrorWidgetExtensionExtension.entitlements;
				CODE_SIGN_STYLE = Automatic;
				CURRENT_PROJECT_VERSION = 2;
				DEVELOPMENT_TEAM = 7NP4QNTWNQ;
				GENERATE_INFOPLIST_FILE = YES;
				INFOPLIST_FILE = MirrorWidgetExtension/Info.plist;
				INFOPLIST_KEY_CFBundleDisplayName = MirrorWidgetExtension;
				INFOPLIST_KEY_NSHumanReadableCopyright = "";
				IPHONEOS_DEPLOYMENT_TARGET = 17.6;
				LD_RUNPATH_SEARCH_PATHS = (
					"$(inherited)",
					"@executable_path/Frameworks",
					"@executable_path/../../Frameworks",
				);
				MARKETING_VERSION = 2.0.3;
				PRODUCT_BUNDLE_IDENTIFIER = com.lokesh.mirror.MirrorWidgetExtension;
				PRODUCT_NAME = "$(TARGET_NAME)";
				SKIP_INSTALL = YES;
				STRING_CATALOG_GENERATE_SYMBOLS = YES;
				SWIFT_APPROACHABLE_CONCURRENCY = YES;
				SWIFT_EMIT_LOC_STRINGS = YES;
				SWIFT_UPCOMING_FEATURE_MEMBER_IMPORT_VISIBILITY = YES;
				SWIFT_VERSION = 5.0;
				TARGETED_DEVICE_FAMILY = "1,2";
			};
			name = Debug;
		};
		47E752962FB44FE800C6362E /* Release */ = {
			isa = XCBuildConfiguration;
			buildSettings = {
				ASSETCATALOG_COMPILER_GLOBAL_ACCENT_COLOR_NAME = AccentColor;
				ASSETCATALOG_COMPILER_WIDGET_BACKGROUND_COLOR_NAME = WidgetBackground;
				CODE_SIGN_ENTITLEMENTS = MirrorWidgetExtensionExtension.entitlements;
				CODE_SIGN_STYLE = Automatic;
				CURRENT_PROJECT_VERSION = 2;
				DEVELOPMENT_TEAM = 7NP4QNTWNQ;
				GENERATE_INFOPLIST_FILE = YES;
				INFOPLIST_FILE = MirrorWidgetExtension/Info.plist;
				INFOPLIST_KEY_CFBundleDisplayName = MirrorWidgetExtension;
				INFOPLIST_KEY_NSHumanReadableCopyright = "";
				IPHONEOS_DEPLOYMENT_TARGET = 17.6;
				LD_RUNPATH_SEARCH_PATHS = (
					"$(inherited)",
					"@executable_path/Frameworks",
					"@executable_path/../../Frameworks",
				);
				MARKETING_VERSION = 2.0.3;
				PRODUCT_BUNDLE_IDENTIFIER = com.lokesh.mirror.MirrorWidgetExtension;
				PRODUCT_NAME = "$(TARGET_NAME)";
				SKIP_INSTALL = YES;
				STRING_CATALOG_GENERATE_SYMBOLS = YES;
				SWIFT_APPROACHABLE_CONCURRENCY = YES;
				SWIFT_EMIT_LOC_STRINGS = YES;
				SWIFT_UPCOMING_FEATURE_MEMBER_IMPORT_VISIBILITY = YES;
				SWIFT_VERSION = 5.0;
				TARGETED_DEVICE_FAMILY = "1,2";
			};
			name = Release;
		};
/* End XCBuildConfiguration section */

/* Begin XCConfigurationList section */
		471287F12F9CF11200812160 /* Build configuration list for PBXProject "mirror" */ = {
			isa = XCConfigurationList;
			buildConfigurations = (
				471288172F9CF11300812160 /* Debug */,
				471288182F9CF11300812160 /* Release */,
			);
			defaultConfigurationIsVisible = 0;
			defaultConfigurationName = Release;
		};
		471288192F9CF11300812160 /* Build configuration list for PBXNativeTarget "mirror" */ = {
			isa = XCConfigurationList;
			buildConfigurations = (
				4712881A2F9CF11300812160 /* Debug */,
				4712881B2F9CF11300812160 /* Release */,
			);
			defaultConfigurationIsVisible = 0;
			defaultConfigurationName = Release;
		};
		4712881C2F9CF11300812160 /* Build configuration list for PBXNativeTarget "mirrorTests" */ = {
			isa = XCConfigurationList;
			buildConfigurations = (
				4712881D2F9CF11300812160 /* Debug */,
				4712881E2F9CF11300812160 /* Release */,
			);
			defaultConfigurationIsVisible = 0;
			defaultConfigurationName = Release;
		};
		4712881F2F9CF11300812160 /* Build configuration list for PBXNativeTarget "mirrorUITests" */ = {
			isa = XCConfigurationList;
			buildConfigurations = (
				471288202F9CF11300812160 /* Debug */,
				471288212F9CF11300812160 /* Release */,
			);
			defaultConfigurationIsVisible = 0;
			defaultConfigurationName = Release;
		};
		47E752972FB44FE800C6362E /* Build configuration list for PBXNativeTarget "MirrorWidgetExtensionExtension" */ = {
			isa = XCConfigurationList;
			buildConfigurations = (
				47E752952FB44FE800C6362E /* Debug */,
				47E752962FB44FE800C6362E /* Release */,
			);
			defaultConfigurationIsVisible = 0;
			defaultConfigurationName = Release;
		};
/* End XCConfigurationList section */

/* Begin XCRemoteSwiftPackageReference section */
		471288842F9D300100812160 /* XCRemoteSwiftPackageReference "swift-llama-cpp" */ = {
			isa = XCRemoteSwiftPackageReference;
			repositoryURL = "https://github.com/pgorzelany/swift-llama-cpp";
			requirement = {
				kind = upToNextMajorVersion;
				minimumVersion = 1.2.0;
			};
		};
		47E752A62FB47F4F00C6362E /* XCRemoteSwiftPackageReference "purchases-ios" */ = {
			isa = XCRemoteSwiftPackageReference;
			repositoryURL = "https://github.com/RevenueCat/purchases-ios";
			requirement = {
				kind = upToNextMajorVersion;
				minimumVersion = 5.72.0;
			};
		};
/* End XCRemoteSwiftPackageReference section */

/* Begin XCSwiftPackageProductDependency section */
		471288822F9D300100812160 /* SwiftLlama */ = {
			isa = XCSwiftPackageProductDependency;
			package = 471288842F9D300100812160 /* XCRemoteSwiftPackageReference "swift-llama-cpp" */;
			productName = SwiftLlama;
		};
		47E752A72FB47F4F00C6362E /* RevenueCat */ = {
			isa = XCSwiftPackageProductDependency;
			package = 47E752A62FB47F4F00C6362E /* XCRemoteSwiftPackageReference "purchases-ios" */;
			productName = RevenueCat;
		};
		47E752A92FB47F4F00C6362E /* RevenueCatUI */ = {
			isa = XCSwiftPackageProductDependency;
			package = 47E752A62FB47F4F00C6362E /* XCRemoteSwiftPackageReference "purchases-ios" */;
			productName = RevenueCatUI;
		};
/* End XCSwiftPackageProductDependency section */
	};
	rootObject = 471287EE2F9CF11200812160 /* Project object */;
}
