{
  "originHash" : "f290252bfceef4db1b26a233f2c47d8087e630e84e223e67a1fa090d8cfdca96",
  "pins" : [
    {
      "identity" : "purchases-ios",
      "kind" : "remoteSourceControl",
      "location" : "https://github.com/RevenueCat/purchases-ios",
      "state" : {
        "revision" : "1b65c3baa951ad5ef4ab46f3b96a6e1dcc5cf015",
        "version" : "5.89.0"
      }
    },
    {
      "identity" : "swift-llama-cpp",
      "kind" : "remoteSourceControl",
      "location" : "https://github.com/lokii49/swift-llama-cpp",
      "state" : {
        "revision" : "a79abb875d67e4394f0fae7ccd90950eade53d80",
        "version" : "1.2.1"
      }
    }
  ],
  "version" : 3
}
